
Microsoft Visual Studio Solution File, Format Version 12.00
# Visual Studio Version 17
VisualStudioVersion = 17.11.35222.181
MinimumVisualStudioVersion = 10.0.40219.1
Project("{FAE04EC0-301F-11D3-BF4B-00C04F79EFBC}") = "ListaTareas", "ListaTareas\ListaTareas.csproj", "{9478E32C-9599-4094-8247-2F95E6DB7987}"
EndProject
Global
	GlobalSection(SolutionConfigurationPlatforms) = preSolution
		Debug|Any CPU = Debug|Any CPU
		Release|Any CPU = Release|Any CPU
	EndGlobalSection
	GlobalSection(ProjectConfigurationPlatforms) = postSolution
		{9478E32C-9599-4094-8247-2F95E6DB7987}.Debug|Any CPU.ActiveCfg = Debug|Any CPU
		{9478E32C-9599-4094-8247-2F95E6DB7987}.Debug|Any CPU.Build.0 = Debug|Any CPU
		{9478E32C-9599-4094-8247-2F95E6DB7987}.Release|Any CPU.ActiveCfg = Release|Any CPU
		{9478E32C-9599-4094-8247-2F95E6DB7987}.Release|Any CPU.Build.0 = Release|Any CPU
	EndGlobalSection
	GlobalSection(SolutionProperties) = preSolution
		HideSolutionNode = FALSE
	EndGlobalSection
	GlobalSection(ExtensibilityGlobals) = postSolution
		SolutionGuid = {C966A3A5-969A-4FE9-95F9-BC97985A2F01}
	EndGlobalSection
EndGlobal
