
Microsoft Visual Studio Solution File, Format Version 12.00
# Visual Studio Version 17
VisualStudioVersion = 17.11.35222.181
MinimumVisualStudioVersion = 10.0.40219.1
Project("{FAE04EC0-301F-11D3-BF4B-00C04F79EFBC}") = "Bibloteca", "Bibloteca\Bibloteca.csproj", "{03D7354A-682D-4012-8465-F990F88AEC31}"
EndProject
Global
	GlobalSection(SolutionConfigurationPlatforms) = preSolution
		Debug|Any CPU = Debug|Any CPU
		Release|Any CPU = Release|Any CPU
	EndGlobalSection
	GlobalSection(ProjectConfigurationPlatforms) = postSolution
		{03D7354A-682D-4012-8465-F990F88AEC31}.Debug|Any CPU.ActiveCfg = Debug|Any CPU
		{03D7354A-682D-4012-8465-F990F88AEC31}.Debug|Any CPU.Build.0 = Debug|Any CPU
		{03D7354A-682D-4012-8465-F990F88AEC31}.Release|Any CPU.ActiveCfg = Release|Any CPU
		{03D7354A-682D-4012-8465-F990F88AEC31}.Release|Any CPU.Build.0 = Release|Any CPU
	EndGlobalSection
	GlobalSection(SolutionProperties) = preSolution
		HideSolutionNode = FALSE
	EndGlobalSection
	GlobalSection(ExtensibilityGlobals) = postSolution
		SolutionGuid = {F664E3A3-E2AD-407A-8F8E-712DEC76516D}
	EndGlobalSection
EndGlobal
