
Microsoft Visual Studio Solution File, Format Version 12.00
# Visual Studio Version 17
VisualStudioVersion = 17.11.35222.181
MinimumVisualStudioVersion = 10.0.40219.1
Project("{FAE04EC0-301F-11D3-BF4B-00C04F79EFBC}") = "GestionEmpleados", "GestionEmpleados\GestionEmpleados.csproj", "{3E73E24E-0A91-4913-8432-FACDC2B082B5}"
EndProject
Global
	GlobalSection(SolutionConfigurationPlatforms) = preSolution
		Debug|Any CPU = Debug|Any CPU
		Release|Any CPU = Release|Any CPU
	EndGlobalSection
	GlobalSection(ProjectConfigurationPlatforms) = postSolution
		{3E73E24E-0A91-4913-8432-FACDC2B082B5}.Debug|Any CPU.ActiveCfg = Debug|Any CPU
		{3E73E24E-0A91-4913-8432-FACDC2B082B5}.Debug|Any CPU.Build.0 = Debug|Any CPU
		{3E73E24E-0A91-4913-8432-FACDC2B082B5}.Release|Any CPU.ActiveCfg = Release|Any CPU
		{3E73E24E-0A91-4913-8432-FACDC2B082B5}.Release|Any CPU.Build.0 = Release|Any CPU
	EndGlobalSection
	GlobalSection(SolutionProperties) = preSolution
		HideSolutionNode = FALSE
	EndGlobalSection
	GlobalSection(ExtensibilityGlobals) = postSolution
		SolutionGuid = {C7B5C7E2-CFC0-4622-8A5A-6464BE3C1ED4}
	EndGlobalSection
EndGlobal
