
Microsoft Visual Studio Solution File, Format Version 12.00
# Visual Studio Version 17
VisualStudioVersion = 17.10.35122.118
MinimumVisualStudioVersion = 10.0.40219.1
Project("{FAE04EC0-301F-11D3-BF4B-00C04F79EFBC}") = "Contadorpersistencia", "Contadorpersistencia\Contadorpersistencia.csproj", "{39520318-A1C2-41B2-9FDA-C85EA2FFEB27}"
EndProject
Global
	GlobalSection(SolutionConfigurationPlatforms) = preSolution
		Debug|Any CPU = Debug|Any CPU
		Release|Any CPU = Release|Any CPU
	EndGlobalSection
	GlobalSection(ProjectConfigurationPlatforms) = postSolution
		{39520318-A1C2-41B2-9FDA-C85EA2FFEB27}.Debug|Any CPU.ActiveCfg = Debug|Any CPU
		{39520318-A1C2-41B2-9FDA-C85EA2FFEB27}.Debug|Any CPU.Build.0 = Debug|Any CPU
		{39520318-A1C2-41B2-9FDA-C85EA2FFEB27}.Release|Any CPU.ActiveCfg = Release|Any CPU
		{39520318-A1C2-41B2-9FDA-C85EA2FFEB27}.Release|Any CPU.Build.0 = Release|Any CPU
	EndGlobalSection
	GlobalSection(SolutionProperties) = preSolution
		HideSolutionNode = FALSE
	EndGlobalSection
	GlobalSection(ExtensibilityGlobals) = postSolution
		SolutionGuid = {1E5CC6AD-2DE5-4A7A-9464-8E3984917E6D}
	EndGlobalSection
EndGlobal
